// !$*UTF8*$!
{
	archiveVersion = 1;
	classes = {
	};
	objectVersion = 46;
	objects = {

/* Begin PBXBuildFile section */
		8537BF811D3E257B003746A7 /* main.m in Sources */ = {isa = PBXBuildFile; fileRef = 8537BF801D3E257B003746A7 /* main.m */; };
		8537BF841D3E257B003746A7 /* AppDelegate.m in Sources */ = {isa = PBXBuildFile; fileRef = 8537BF831D3E257B003746A7 /* AppDelegate.m */; };
		8537BF871D3E257B003746A7 /* ViewController.m in Sources */ = {isa = PBXBuildFile; fileRef = 8537BF861D3E257B003746A7 /* ViewController.m */; };
		8537BF8A1D3E257B003746A7 /* Main.storyboard in Resources */ = {isa = PBXBuildFile; fileRef = 8537BF881D3E257B003746A7 /* Main.storyboard */; };
		8537BF8C1D3E257B003746A7 /* Assets.xcassets in Resources */ = {isa = PBXBuildFile; fileRef = 8537BF8B1D3E257B003746A7 /* Assets.xcassets */; };
		8537BF8F1D3E257B003746A7 /* LaunchScreen.storyboard in Resources */ = {isa = PBXBuildFile; fileRef = 8537BF8D1D3E257B003746A7 /* LaunchScreen.storyboard */; };
/* End PBXBuildFile section */

/* Begin PBXFileReference section */
		8537BF7C1D3E257B003746A7 /* OLRealm.app */ = {isa = PBXFileReference; explicitFileType = wrapper.application; includeInIndex = 0; path = OLRealm.app; sourceTree = BUILT_PRODUCTS_DIR; };
		8537BF801D3E257B003746A7 /* main.m */ = {isa = PBXFileReference; lastKnownFileType = sourcecode.c.objc; path = main.m; sourceTree = "<group>"; };
		8537BF821D3E257B003746A7 /* AppDelegate.h */ = {isa = PBXFileReference; lastKnownFileType = sourcecode.c.h; path = AppDelegate.h; sourceTree = "<group>"; };
		8537BF831D3E257B003746A7 /* AppDelegate.m */ = {isa = PBXFileReference; lastKnownFileType = sourcecode.c.objc; path = AppDelegate.m; sourceTree = "<group>"; };
		8537BF851D3E257B003746A7 /* ViewController.h */ = {isa = PBXFileReference; lastKnownFileType = sourcecode.c.h; path = ViewController.h; sourceTree = "<group>"; };
		8537BF861D3E257B003746A7 /* ViewController.m */ = {isa = PBXFileReference; lastKnownFileType = sourcecode.c.objc; path = ViewController.m; sourceTree = "<group>"; };
		8537BF891D3E257B003746A7 /* Base */ = {isa = PBXFileReference; lastKnownFileType = file.storyboard; name = Base; path = Base.lproj/Main.storyboard; sourceTree = "<group>"; };
		8537BF8B1D3E257B003746A7 /* Assets.xcassets */ = {isa = PBXFileReference; lastKnownFileType = folder.assetcatalog; path = Assets.xcassets; sourceTree = "<group>"; };
		8537BF8E1D3E257B003746A7 /* Base */ = {isa = PBXFileReference; lastKnownFileType = file.storyboard; name = Base; path = Base.lproj/LaunchScreen.storyboard; sourceTree = "<group>"; };
		8537BF901D3E257B003746A7 /* Info.plist */ = {isa = PBXFileReference; lastKnownFileType = text.plist.xml; path = Info.plist; sourceTree = "<group>"; };
/* End PBXFileReference section */

/* Begin PBXFrameworksBuildPhase section */
		8537BF791D3E257B003746A7 /* Frameworks */ = {
			isa = PBXFrameworksBuildPhase;
			buildActionMask = 2147483647;
			files = (
			);
			runOnlyForDeploymentPostprocessing = 0;
		};
/* End PBXFrameworksBuildPhase section */

/* Begin PBXGroup section */
		8537BF731D3E257B003746A7 = {
			isa = PBXGroup;
			children = (
				8537BF7E1D3E257B003746A7 /* OLRealm */,
				8537BF7D1D3E257B003746A7 /* Products */,
			);
			sourceTree = "<group>";
		};
		8537BF7D1D3E257B003746A7 /* Products */ = {
			isa = PBXGroup;
			children = (
				8537BF7C1D3E257B003746A7 /* OLRealm.app */,
			);
			name = Products;
			sourceTree = "<group>";
		};
		8537BF7E1D3E257B003746A7 /* OLRealm */ = {
			isa = PBXGroup;
			children = (
				8537BF821D3E257B003746A7 /* AppDelegate.h */,
				8537BF831D3E257B003746A7 /* AppDelegate.m */,
				8537BF851D3E257B003746A7 /* ViewController.h */,
				8537BF861D3E257B003746A7 /* ViewController.m */,
				8537BF881D3E257B003746A7 /* Main.storyboard */,
				8537BF8B1D3E257B003746A7 /* Assets.xcassets */,
				8537BF8D1D3E257B003746A7 /* LaunchScreen.storyboard */,
				8537BF901D3E257B003746A7 /* Info.plist */,
				8537BF7F1D3E257B003746A7 /* Supporting Files */,
			);
			path = OLRealm;
			sourceTree = "<group>";
		};
		8537BF7F1D3E257B003746A7 /* Supporting Files */ = {
			isa = PBXGroup;
			children = (
				8537BF801D3E257B003746A7 /* main.m */,
			);
			name = "Supporting Files";
			sourceTree = "<group>";
		};
/* End PBXGroup section */

/* Begin PBXNativeTarget section */
		8537BF7B1D3E257B003746A7 /* OLRealm */ = {
			isa = PBXNativeTarget;
			buildConfigurationList = 8537BF931D3E257B003746A7 /* Build configuration list for PBXNativeTarget "OLRealm" */;
			buildPhases = (
				8537BF781D3E257B003746A7 /* Sources */,
				8537BF791D3E257B003746A7 /* Frameworks */,
				8537BF7A1D3E257B003746A7 /* Resources */,
			);
			buildRules = (
			);
			dependencies = (
			);
			name = OLRealm;
			productName = OLRealm;
			productReference = 8537BF7C1D3E257B003746A7 /* OLRealm.app */;
			productType = "com.apple.product-type.application";
		};
/* End PBXNativeTarget section */

/* Begin PBXProject section */
		8537BF741D3E257B003746A7 /* Project object */ = {
			isa = PBXProject;
			attributes = {
				LastUpgradeCheck = 0730;
				ORGANIZATIONNAME = olive;
				TargetAttributes = {
					8537BF7B1D3E257B003746A7 = {
						CreatedOnToolsVersion = 7.3.1;
					};
				};
			};
			buildConfigurationList = 8537BF771D3E257B003746A7 /* Build configuration list for PBXProject "OLRealm" */;
			compatibilityVersion = "Xcode 3.2";
			developmentRegion = English;
			hasScannedForEncodings = 0;
			knownRegions = (
				en,
				Base,
			);
			mainGroup = 8537BF731D3E257B003746A7;
			productRefGroup = 8537BF7D1D3E257B003746A7 /* Products */;
			projectDirPath = "";
			projectRoot = "";
			targets = (
				8537BF7B1D3E257B003746A7 /* OLRealm */,
			);
		};
/* End PBXProject section */

/* Begin PBXResourcesBuildPhase section */
		8537BF7A1D3E257B003746A7 /* Resources */ = {
			isa = PBXResourcesBuildPhase;
			buildActionMask = 2147483647;
			files = (
				8537BF8F1D3E257B003746A7 /* LaunchScreen.storyboard in Resources */,
				8537BF8C1D3E257B003746A7 /* Assets.xcassets in Resources */,
				8537BF8A1D3E257B003746A7 /* Main.storyboard in Resources */,
			);
			runOnlyForDeploymentPostprocessing = 0;
		};
/* End PBXResourcesBuildPhase section */

/* Begin PBXSourcesBuildPhase section */
		8537BF781D3E257B003746A7 /* Sources */ = {
			isa = PBXSourcesBuildPhase;
			buildActionMask = 2147483647;
			files = (
				8537BF871D3E257B003746A7 /* ViewController.m in Sources */,
				8537BF841D3E257B003746A7 /* AppDelegate.m in Sources */,
				8537BF811D3E257B003746A7 /* main.m in Sources */,
			);
			runOnlyForDeploymentPostprocessing = 0;
		};
/* End PBXSourcesBuildPhase section */

/* Begin PBXVariantGroup section */
		8537BF881D3E257B003746A7 /* Main.storyboard */ = {
			isa = PBXVariantGroup;
			children = (
				8537BF891D3E257B003746A7 /* Base */,
			);
			name = Main.storyboard;
			sourceTree = "<group>";
		};
		8537BF8D1D3E257B003746A7 /* LaunchScreen.storyboard */ = {
			isa = PBXVariantGroup;
			children = (
				8537BF8E1D3E257B003746A7 /* Base */,
			);
			name = LaunchScreen.storyboard;
			sourceTree = "<group>";
		};
/* End PBXVariantGroup section */

/* Begin XCBuildConfiguration section */
		8537BF911D3E257B003746A7 /* Debug */ = {
			isa = XCBuildConfiguration;
			buildSettings = {
				ALWAYS_SEARCH_USER_PATHS = NO;
				CLANG_ANALYZER_NONNULL = YES;
				CLANG_CXX_LANGUAGE_STANDARD = "gnu++0x";
				CLANG_CXX_LIBRARY = "libc++";
				CLANG_ENABLE_MODULES = YES;
				CLANG_ENABLE_OBJC_ARC = YES;
				CLANG_WARN_BOOL_CONVERSION = YES;
				CLANG_WARN_CONSTANT_CONVERSION = YES;
				CLANG_WARN_DIRECT_OBJC_ISA_USAGE = YES_ERROR;
				CLANG_WARN_EMPTY_BODY = YES;
				CLANG_WARN_ENUM_CONVERSION = YES;
				CLANG_WARN_INT_CONVERSION = YES;
				CLANG_WARN_OBJC_ROOT_CLASS = YES_ERROR;
				CLANG_WARN_UNREACHABLE_CODE = YES;
				CLANG_WARN__DUPLICATE_METHOD_MATCH = YES;
				"CODE_SIGN_IDENTITY[sdk=iphoneos*]" = "iPhone Developer";
				COPY_PHASE_STRIP = NO;
				DEBUG_INFORMATION_FORMAT = dwarf;
				ENABLE_STRICT_OBJC_MSGSEND = YES;
				ENABLE_TESTABILITY = YES;
				GCC_C_LANGUAGE_STANDARD = gnu99;
				GCC_DYNAMIC_NO_PIC = NO;
				GCC_NO_COMMON_BLOCKS = YES;
				GCC_OPTIMIZATION_LEVEL = 0;
				GCC_PREPROCESSOR_DEFINITIONS = (
					"DEBUG=1",
					"$(inherited)",
				);
				GCC_WARN_64_TO_32_BIT_CONVERSION = YES;
				GCC_WARN_ABOUT_RETURN_TYPE = YES_ERROR;
				GCC_WARN_UNDECLARED_SELECTOR = YES;
				GCC_WARN_UNINITIALIZED_AUTOS = YES_AGGRESSIVE;
				GCC_WARN_UNUSED_FUNCTION = YES;
				GCC_WARN_UNUSED_VARIABLE = YES;
				IPHONEOS_DEPLOYMENT_TARGET = 9.3;
				MTL_ENABLE_DEBUG_INFO = YES;
				ONLY_ACTIVE_ARCH = YES;
				SDKROOT = iphoneos;
			};
			name = Debug;
		};
		8537BF921D3E257B003746A7 /* Release */ = {
			isa = XCBuildConfiguration;
			buildSettings = {
				ALWAYS_SEARCH_USER_PATHS = NO;
				CLANG_ANALYZER_NONNULL = YES;
				CLANG_CXX_LANGUAGE_STANDARD = "gnu++0x";
				CLANG_CXX_LIBRARY = "libc++";
				CLANG_ENABLE_MODULES = YES;
				CLANG_ENABLE_OBJC_ARC = YES;
				CLANG_WARN_BOOL_CONVERSION = YES;
				CLANG_WARN_CONSTANT_CONVERSION = YES;
				CLANG_WARN_DIRECT_OBJC_ISA_USAGE = YES_ERROR;
				CLANG_WARN_EMPTY_BODY = YES;
				CLANG_WARN_ENUM_CONVERSION = YES;
				CLANG_WARN_INT_CONVERSION = YES;
				CLANG_WARN_OBJC_ROOT_CLASS = YES_ERROR;
				CLANG_WARN_UNREACHABLE_CODE = YES;
				CLANG_WARN__DUPLICATE_METHOD_MATCH = YES;
				"CODE_SIGN_IDENTITY[sdk=iphoneos*]" = "iPhone Developer";
				COPY_PHASE_STRIP = NO;
				DEBUG_INFORMATION_FORMAT = "dwarf-with-dsym";
				ENABLE_NS_ASSERTIONS = NO;
				ENABLE_STRICT_OBJC_MSGSEND = YES;
				GCC_C_LANGUAGE_STANDARD = gnu99;
				GCC_NO_COMMON_BLOCKS = YES;
				GCC_WARN_64_TO_32_BIT_CONVERSION = YES;
				GCC_WARN_ABOUT_RETURN_TYPE = YES_ERROR;
				GCC_WARN_UNDECLARED_SELECTOR = YES;
				GCC_WARN_UNINITIALIZED_AUTOS = YES_AGGRESSIVE;
				GCC_WARN_UNUSED_FUNCTION = YES;
				GCC_WARN_UNUSED_VARIABLE = YES;
				IPHONEOS_DEPLOYMENT_TARGET = 9.3;
				MTL_ENABLE_DEBUG_INFO = NO;
				SDKROOT = iphoneos;
				VALIDATE_PRODUCT = YES;
			};
			name = Release;
		};
		8537BF941D3E257B003746A7 /* Debug */ = {
			isa = XCBuildConfiguration;
			buildSettings = {
				ASSETCATALOG_COMPILER_APPICON_NAME = AppIcon;
				INFOPLIST_FILE = OLRealm/Info.plist;
				LD_RUNPATH_SEARCH_PATHS = "$(inherited) @executable_path/Frameworks";
				PRODUCT_BUNDLE_IDENTIFIER = com.olive.OLRealm;
				PRODUCT_NAME = "$(TARGET_NAME)";
			};
			name = Debug;
		};
		8537BF951D3E257B003746A7 /* Release */ = {
			isa = XCBuildConfiguration;
			buildSettings = {
				ASSETCATALOG_COMPILER_APPICON_NAME = AppIcon;
				INFOPLIST_FILE = OLRealm/Info.plist;
				LD_RUNPATH_SEARCH_PATHS = "$(inherited) @executable_path/Frameworks";
				PRODUCT_BUNDLE_IDENTIFIER = com.olive.OLRealm;
				PRODUCT_NAME = "$(TARGET_NAME)";
			};
			name = Release;
		};
/* End XCBuildConfiguration section */

/* Begin XCConfigurationList section */
		8537BF771D3E257B003746A7 /* Build configuration list for PBXProject "OLRealm" */ = {
			isa = XCConfigurationList;
			buildConfigurations = (
				8537BF911D3E257B003746A7 /* Debug */,
				8537BF921D3E257B003746A7 /* Release */,
			);
			defaultConfigurationIsVisible = 0;
			defaultConfigurationName = Release;
		};
		8537BF931D3E257B003746A7 /* Build configuration list for PBXNativeTarget "OLRealm" */ = {
			isa = XCConfigurationList;
			buildConfigurations = (
				8537BF941D3E257B003746A7 /* Debug */,
				8537BF951D3E257B003746A7 /* Release */,
			);
			defaultConfigurationIsVisible = 0;
		};
/* End XCConfigurationList section */
	};
	rootObject = 8537BF741D3E257B003746A7 /* Project object */;
}
